PODS:
  - CocoaLumberjack (1.9.1):
    - CocoaLumberjack/Extensions
  - CocoaLumberjack/Core (1.9.1)
  - CocoaLumberjack/Extensions (1.9.1):
    - CocoaLumberjack/Core
  - NSLogger (1.2)

DEPENDENCIES:
  - CocoaLumberjack
  - NSLogger

SPEC CHECKSUMS:
  CocoaLumberjack: 94accd5749f5c5d15134c8d50f34a973aed8ef69
  NSLogger: 3df5dca5dcbf99fe1e5c54931e44880f6e7eb089

COCOAPODS: 0.33.1
