// !$*UTF8*$!
{
	archiveVersion = 1;
	classes = {
	};
	objectVersion = 46;
	objects = {

/* Begin PBXBuildFile section */
		840EE227F1964BDF87BD4C7B /* libPods-SPLogManagerTests.a in Frameworks */ = {isa = PBXBuildFile; fileRef = E0FBF66D084340B68077E20B /* libPods-SPLogManagerTests.a */; };
		D81C6C911924B0B10062E29A /* Foundation.framework in Frameworks */ = {isa = PBXBuildFile; fileRef = D81C6C901924B0B10062E29A /* Foundation.framework */; };
		D81C6C931924B0B10062E29A /* CoreGraphics.framework in Frameworks */ = {isa = PBXBuildFile; fileRef = D81C6C921924B0B10062E29A /* CoreGraphics.framework */; };
		D81C6C951924B0B10062E29A /* UIKit.framework in Frameworks */ = {isa = PBXBuildFile; fileRef = D81C6C941924B0B10062E29A /* UIKit.framework */; };
		D81C6C9B1924B0B10062E29A /* InfoPlist.strings in Resources */ = {isa = PBXBuildFile; fileRef = D81C6C991924B0B10062E29A /* InfoPlist.strings */; };
		D81C6C9D1924B0B10062E29A /* main.m in Sources */ = {isa = PBXBuildFile; fileRef = D81C6C9C1924B0B10062E29A /* main.m */; };
		D81C6CA11924B0B10062E29A /* SPAppDelegate.m in Sources */ = {isa = PBXBuildFile; fileRef = D81C6CA01924B0B10062E29A /* SPAppDelegate.m */; };
		D81C6CA41924B0B10062E29A /* Main.storyboard in Resources */ = {isa = PBXBuildFile; fileRef = D81C6CA21924B0B10062E29A /* Main.storyboard */; };
		D81C6CA71924B0B10062E29A /* SPViewController.m in Sources */ = {isa = PBXBuildFile; fileRef = D81C6CA61924B0B10062E29A /* SPViewController.m */; };
		D81C6CA91924B0B10062E29A /* Images.xcassets in Resources */ = {isa = PBXBuildFile; fileRef = D81C6CA81924B0B10062E29A /* Images.xcassets */; };
		D81C6CB01924B0B10062E29A /* XCTest.framework in Frameworks */ = {isa = PBXBuildFile; fileRef = D81C6CAF1924B0B10062E29A /* XCTest.framework */; };
		D81C6CB11924B0B10062E29A /* Foundation.framework in Frameworks */ = {isa = PBXBuildFile; fileRef = D81C6C901924B0B10062E29A /* Foundation.framework */; };
		D81C6CB21924B0B10062E29A /* UIKit.framework in Frameworks */ = {isa = PBXBuildFile; fileRef = D81C6C941924B0B10062E29A /* UIKit.framework */; };
		D81C6CBA1924B0B20062E29A /* InfoPlist.strings in Resources */ = {isa = PBXBuildFile; fileRef = D81C6CB81924B0B20062E29A /* InfoPlist.strings */; };
		D81C6CBC1924B0B20062E29A /* SPLogManagerTests.m in Sources */ = {isa = PBXBuildFile; fileRef = D81C6CBB1924B0B20062E29A /* SPLogManagerTests.m */; };
		D81C6CC71924B16D0062E29A /* DDNSLoggerLogger.m in Sources */ = {isa = PBXBuildFile; fileRef = D81C6CC61924B16D0062E29A /* DDNSLoggerLogger.m */; };
		D81C6CCA1924B3AD0062E29A /* SPLogManager.m in Sources */ = {isa = PBXBuildFile; fileRef = D81C6CC91924B3AD0062E29A /* SPLogManager.m */; };
		D8A58C2D1926193300FD2DF5 /* CompressingLogFileManager.m in Sources */ = {isa = PBXBuildFile; fileRef = D8A58C2C1926193300FD2DF5 /* CompressingLogFileManager.m */; };
		D8A58C2F19261B5700FD2DF5 /* libz.dylib in Frameworks */ = {isa = PBXBuildFile; fileRef = D8A58C2E19261B5700FD2DF5 /* libz.dylib */; };
		E17195C2477F4AA496B59271 /* libPods.a in Frameworks */ = {isa = PBXBuildFile; fileRef = 1AE90D32FE17461AB76249ED /* libPods.a */; };
/* End PBXBuildFile section */

/* Begin PBXContainerItemProxy section */
		D81C6CB31924B0B20062E29A /* PBXContainerItemProxy */ = {
			isa = PBXContainerItemProxy;
			containerPortal = D81C6C851924B0B10062E29A /* Project object */;
			proxyType = 1;
			remoteGlobalIDString = D81C6C8C1924B0B10062E29A;
			remoteInfo = SPLogManager;
		};
/* End PBXContainerItemProxy section */

/* Begin PBXFileReference section */
		1AE90D32FE17461AB76249ED /* libPods.a */ = {isa = PBXFileReference; explicitFileType = archive.ar; includeInIndex = 0; path = libPods.a; sourceTree = BUILT_PRODUCTS_DIR; };
		3C42064E98684A89B8FBAEAE /* Pods.xcconfig */ = {isa = PBXFileReference; includeInIndex = 1; lastKnownFileType = text.xcconfig; name = Pods.xcconfig; path = Pods/Pods.xcconfig; sourceTree = "<group>"; };
		C361216A00A8443F932FF6B7 /* Pods-SPLogManagerTests.xcconfig */ = {isa = PBXFileReference; includeInIndex = 1; lastKnownFileType = text.xcconfig; name = "Pods-SPLogManagerTests.xcconfig"; path = "Pods/Pods-SPLogManagerTests.xcconfig"; sourceTree = "<group>"; };
		D81C6C8D1924B0B10062E29A /* SPLogManager.app */ = {isa = PBXFileReference; explicitFileType = wrapper.application; includeInIndex = 0; path = SPLogManager.app; sourceTree = BUILT_PRODUCTS_DIR; };
		D81C6C901924B0B10062E29A /* Foundation.framework */ = {isa = PBXFileReference; lastKnownFileType = wrapper.framework; name = Foundation.framework; path = System/Library/Frameworks/Foundation.framework; sourceTree = SDKROOT; };
		D81C6C921924B0B10062E29A /* CoreGraphics.framework */ = {isa = PBXFileReference; lastKnownFileType = wrapper.framework; name = CoreGraphics.framework; path = System/Library/Frameworks/CoreGraphics.framework; sourceTree = SDKROOT; };
		D81C6C941924B0B10062E29A /* UIKit.framework */ = {isa = PBXFileReference; lastKnownFileType = wrapper.framework; name = UIKit.framework; path = System/Library/Frameworks/UIKit.framework; sourceTree = SDKROOT; };
		D81C6C981924B0B10062E29A /* SPLogManager-Info.plist */ = {isa = PBXFileReference; lastKnownFileType = text.plist.xml; path = "SPLogManager-Info.plist"; sourceTree = "<group>"; };
		D81C6C9A1924B0B10062E29A /* en */ = {isa = PBXFileReference; lastKnownFileType = text.plist.strings; name = en; path = en.lproj/InfoPlist.strings; sourceTree = "<group>"; };
		D81C6C9C1924B0B10062E29A /* main.m */ = {isa = PBXFileReference; lastKnownFileType = sourcecode.c.objc; path = main.m; sourceTree = "<group>"; };
		D81C6C9E1924B0B10062E29A /* SPLogManager-Prefix.pch */ = {isa = PBXFileReference; lastKnownFileType = sourcecode.c.h; path = "SPLogManager-Prefix.pch"; sourceTree = "<group>"; };
		D81C6C9F1924B0B10062E29A /* SPAppDelegate.h */ = {isa = PBXFileReference; lastKnownFileType = sourcecode.c.h; path = SPAppDelegate.h; sourceTree = "<group>"; };
		D81C6CA01924B0B10062E29A /* SPAppDelegate.m */ = {isa = PBXFileReference; lastKnownFileType = sourcecode.c.objc; path = SPAppDelegate.m; sourceTree = "<group>"; };
		D81C6CA31924B0B10062E29A /* Base */ = {isa = PBXFileReference; lastKnownFileType = file.storyboard; name = Base; path = Base.lproj/Main.storyboard; sourceTree = "<group>"; };
		D81C6CA51924B0B10062E29A /* SPViewController.h */ = {isa = PBXFileReference; lastKnownFileType = sourcecode.c.h; path = SPViewController.h; sourceTree = "<group>"; };
		D81C6CA61924B0B10062E29A /* SPViewController.m */ = {isa = PBXFileReference; lastKnownFileType = sourcecode.c.objc; path = SPViewController.m; sourceTree = "<group>"; };
		D81C6CA81924B0B10062E29A /* Images.xcassets */ = {isa = PBXFileReference; lastKnownFileType = folder.assetcatalog; path = Images.xcassets; sourceTree = "<group>"; };
		D81C6CAE1924B0B10062E29A /* SPLogManagerTests.xctest */ = {isa = PBXFileReference; explicitFileType = wrapper.cfbundle; includeInIndex = 0; path = SPLogManagerTests.xctest; sourceTree = BUILT_PRODUCTS_DIR; };
		D81C6CAF1924B0B10062E29A /* XCTest.framework */ = {isa = PBXFileReference; lastKnownFileType = wrapper.framework; name = XCTest.framework; path = Library/Frameworks/XCTest.framework; sourceTree = DEVELOPER_DIR; };
		D81C6CB71924B0B20062E29A /* SPLogManagerTests-Info.plist */ = {isa = PBXFileReference; lastKnownFileType = text.plist.xml; path = "SPLogManagerTests-Info.plist"; sourceTree = "<group>"; };
		D81C6CB91924B0B20062E29A /* en */ = {isa = PBXFileReference; lastKnownFileType = text.plist.strings; name = en; path = en.lproj/InfoPlist.strings; sourceTree = "<group>"; };
		D81C6CBB1924B0B20062E29A /* SPLogManagerTests.m */ = {isa = PBXFileReference; lastKnownFileType = sourcecode.c.objc; path = SPLogManagerTests.m; sourceTree = "<group>"; };
		D81C6CC51924B16D0062E29A /* DDNSLoggerLogger.h */ = {isa = PBXFileReference; fileEncoding = 4; lastKnownFileType = sourcecode.c.h; name = DDNSLoggerLogger.h; path = ../../DDNSLoggerLogger.h; sourceTree = "<group>"; };
		D81C6CC61924B16D0062E29A /* DDNSLoggerLogger.m */ = {isa = PBXFileReference; fileEncoding = 4; lastKnownFileType = sourcecode.c.objc; name = DDNSLoggerLogger.m; path = ../../DDNSLoggerLogger.m; sourceTree = "<group>"; };
		D81C6CC81924B3AD0062E29A /* SPLogManager.h */ = {isa = PBXFileReference; fileEncoding = 4; lastKnownFileType = sourcecode.c.h; path = SPLogManager.h; sourceTree = SOURCE_ROOT; };
		D81C6CC91924B3AD0062E29A /* SPLogManager.m */ = {isa = PBXFileReference; fileEncoding = 4; lastKnownFileType = sourcecode.c.objc; path = SPLogManager.m; sourceTree = SOURCE_ROOT; };
		D8A58C2B1926193300FD2DF5 /* CompressingLogFileManager.h */ = {isa = PBXFileReference; fileEncoding = 4; lastKnownFileType = sourcecode.c.h; path = CompressingLogFileManager.h; sourceTree = "<group>"; };
		D8A58C2C1926193300FD2DF5 /* CompressingLogFileManager.m */ = {isa = PBXFileReference; fileEncoding = 4; lastKnownFileType = sourcecode.c.objc; path = CompressingLogFileManager.m; sourceTree = "<group>"; };
		D8A58C2E19261B5700FD2DF5 /* libz.dylib */ = {isa = PBXFileReference; lastKnownFileType = "compiled.mach-o.dylib"; name = libz.dylib; path = usr/lib/libz.dylib; sourceTree = SDKROOT; };
		E0FBF66D084340B68077E20B /* libPods-SPLogManagerTests.a */ = {isa = PBXFileReference; explicitFileType = archive.ar; includeInIndex = 0; path = "libPods-SPLogManagerTests.a"; sourceTree = BUILT_PRODUCTS_DIR; };
/* End PBXFileReference section */

/* Begin PBXFrameworksBuildPhase section */
		D81C6C8A1924B0B10062E29A /* Frameworks */ = {
			isa = PBXFrameworksBuildPhase;
			buildActionMask = 2147483647;
			files = (
				D8A58C2F19261B5700FD2DF5 /* libz.dylib in Frameworks */,
				D81C6C931924B0B10062E29A /* CoreGraphics.framework in Frameworks */,
				D81C6C951924B0B10062E29A /* UIKit.framework in Frameworks */,
				D81C6C911924B0B10062E29A /* Foundation.framework in Frameworks */,
				E17195C2477F4AA496B59271 /* libPods.a in Frameworks */,
			);
			runOnlyForDeploymentPostprocessing = 0;
		};
		D81C6CAB1924B0B10062E29A /* Frameworks */ = {
			isa = PBXFrameworksBuildPhase;
			buildActionMask = 2147483647;
			files = (
				D81C6CB01924B0B10062E29A /* XCTest.framework in Frameworks */,
				D81C6CB21924B0B10062E29A /* UIKit.framework in Frameworks */,
				D81C6CB11924B0B10062E29A /* Foundation.framework in Frameworks */,
				840EE227F1964BDF87BD4C7B /* libPods-SPLogManagerTests.a in Frameworks */,
			);
			runOnlyForDeploymentPostprocessing = 0;
		};
/* End PBXFrameworksBuildPhase section */

/* Begin PBXGroup section */
		D81C6C841924B0B10062E29A = {
			isa = PBXGroup;
			children = (
				D81C6C961924B0B10062E29A /* SPLogManager */,
				D81C6CB51924B0B20062E29A /* SPLogManagerTests */,
				D81C6C8F1924B0B10062E29A /* Frameworks */,
				D81C6C8E1924B0B10062E29A /* Products */,
				3C42064E98684A89B8FBAEAE /* Pods.xcconfig */,
				C361216A00A8443F932FF6B7 /* Pods-SPLogManagerTests.xcconfig */,
			);
			sourceTree = "<group>";
		};
		D81C6C8E1924B0B10062E29A /* Products */ = {
			isa = PBXGroup;
			children = (
				D81C6C8D1924B0B10062E29A /* SPLogManager.app */,
				D81C6CAE1924B0B10062E29A /* SPLogManagerTests.xctest */,
			);
			name = Products;
			sourceTree = "<group>";
		};
		D81C6C8F1924B0B10062E29A /* Frameworks */ = {
			isa = PBXGroup;
			children = (
				D8A58C2E19261B5700FD2DF5 /* libz.dylib */,
				D81C6C901924B0B10062E29A /* Foundation.framework */,
				D81C6C921924B0B10062E29A /* CoreGraphics.framework */,
				D81C6C941924B0B10062E29A /* UIKit.framework */,
				D81C6CAF1924B0B10062E29A /* XCTest.framework */,
				1AE90D32FE17461AB76249ED /* libPods.a */,
				E0FBF66D084340B68077E20B /* libPods-SPLogManagerTests.a */,
			);
			name = Frameworks;
			sourceTree = "<group>";
		};
		D81C6C961924B0B10062E29A /* SPLogManager */ = {
			isa = PBXGroup;
			children = (
				D8A58C2B1926193300FD2DF5 /* CompressingLogFileManager.h */,
				D8A58C2C1926193300FD2DF5 /* CompressingLogFileManager.m */,
				D81C6CC81924B3AD0062E29A /* SPLogManager.h */,
				D81C6CC91924B3AD0062E29A /* SPLogManager.m */,
				D81C6CC51924B16D0062E29A /* DDNSLoggerLogger.h */,
				D81C6CC61924B16D0062E29A /* DDNSLoggerLogger.m */,
				D81C6C9F1924B0B10062E29A /* SPAppDelegate.h */,
				D81C6CA01924B0B10062E29A /* SPAppDelegate.m */,
				D81C6CA21924B0B10062E29A /* Main.storyboard */,
				D81C6CA51924B0B10062E29A /* SPViewController.h */,
				D81C6CA61924B0B10062E29A /* SPViewController.m */,
				D81C6CA81924B0B10062E29A /* Images.xcassets */,
				D81C6C971924B0B10062E29A /* Supporting Files */,
			);
			path = SPLogManager;
			sourceTree = "<group>";
		};
		D81C6C971924B0B10062E29A /* Supporting Files */ = {
			isa = PBXGroup;
			children = (
				D81C6C981924B0B10062E29A /* SPLogManager-Info.plist */,
				D81C6C991924B0B10062E29A /* InfoPlist.strings */,
				D81C6C9C1924B0B10062E29A /* main.m */,
				D81C6C9E1924B0B10062E29A /* SPLogManager-Prefix.pch */,
			);
			name = "Supporting Files";
			sourceTree = "<group>";
		};
		D81C6CB51924B0B20062E29A /* SPLogManagerTests */ = {
			isa = PBXGroup;
			children = (
				D81C6CBB1924B0B20062E29A /* SPLogManagerTests.m */,
				D81C6CB61924B0B20062E29A /* Supporting Files */,
			);
			path = SPLogManagerTests;
			sourceTree = "<group>";
		};
		D81C6CB61924B0B20062E29A /* Supporting Files */ = {
			isa = PBXGroup;
			children = (
				D81C6CB71924B0B20062E29A /* SPLogManagerTests-Info.plist */,
				D81C6CB81924B0B20062E29A /* InfoPlist.strings */,
			);
			name = "Supporting Files";
			sourceTree = "<group>";
		};
/* End PBXGroup section */

/* Begin PBXNativeTarget section */
		D81C6C8C1924B0B10062E29A /* SPLogManager */ = {
			isa = PBXNativeTarget;
			buildConfigurationList = D81C6CBF1924B0B20062E29A /* Build configuration list for PBXNativeTarget "SPLogManager" */;
			buildPhases = (
				D8B025B974184973904380AF /* Check Pods Manifest.lock */,
				D81C6C891924B0B10062E29A /* Sources */,
				D81C6C8A1924B0B10062E29A /* Frameworks */,
				D81C6C8B1924B0B10062E29A /* Resources */,
				3EF61EB5095F43C2A48906A0 /* Copy Pods Resources */,
			);
			buildRules = (
			);
			dependencies = (
			);
			name = SPLogManager;
			productName = SPLogManager;
			productReference = D81C6C8D1924B0B10062E29A /* SPLogManager.app */;
			productType = "com.apple.product-type.application";
		};
		D81C6CAD1924B0B10062E29A /* SPLogManagerTests */ = {
			isa = PBXNativeTarget;
			buildConfigurationList = D81C6CC21924B0B20062E29A /* Build configuration list for PBXNativeTarget "SPLogManagerTests" */;
			buildPhases = (
				5002511F3F8849E880BB7821 /* Check Pods Manifest.lock */,
				D81C6CAA1924B0B10062E29A /* Sources */,
				D81C6CAB1924B0B10062E29A /* Frameworks */,
				D81C6CAC1924B0B10062E29A /* Resources */,
				A1F30F271B8A4EEE9C11136B /* Copy Pods Resources */,
			);
			buildRules = (
			);
			dependencies = (
				D81C6CB41924B0B20062E29A /* PBXTargetDependency */,
			);
			name = SPLogManagerTests;
			productName = SPLogManagerTests;
			productReference = D81C6CAE1924B0B10062E29A /* SPLogManagerTests.xctest */;
			productType = "com.apple.product-type.bundle.unit-test";
		};
/* End PBXNativeTarget section */

/* Begin PBXProject section */
		D81C6C851924B0B10062E29A /* Project object */ = {
			isa = PBXProject;
			attributes = {
				CLASSPREFIX = SP;
				LastUpgradeCheck = 0510;
				ORGANIZATIONNAME = "Stupid Pencil";
				TargetAttributes = {
					D81C6CAD1924B0B10062E29A = {
						TestTargetID = D81C6C8C1924B0B10062E29A;
					};
				};
			};
			buildConfigurationList = D81C6C881924B0B10062E29A /* Build configuration list for PBXProject "SPLogManager" */;
			compatibilityVersion = "Xcode 3.2";
			developmentRegion = English;
			hasScannedForEncodings = 0;
			knownRegions = (
				en,
				Base,
			);
			mainGroup = D81C6C841924B0B10062E29A;
			productRefGroup = D81C6C8E1924B0B10062E29A /* Products */;
			projectDirPath = "";
			projectRoot = "";
			targets = (
				D81C6C8C1924B0B10062E29A /* SPLogManager */,
				D81C6CAD1924B0B10062E29A /* SPLogManagerTests */,
			);
		};
/* End PBXProject section */

/* Begin PBXResourcesBuildPhase section */
		D81C6C8B1924B0B10062E29A /* Resources */ = {
			isa = PBXResourcesBuildPhase;
			buildActionMask = 2147483647;
			files = (
				D81C6CA91924B0B10062E29A /* Images.xcassets in Resources */,
				D81C6C9B1924B0B10062E29A /* InfoPlist.strings in Resources */,
				D81C6CA41924B0B10062E29A /* Main.storyboard in Resources */,
			);
			runOnlyForDeploymentPostprocessing = 0;
		};
		D81C6CAC1924B0B10062E29A /* Resources */ = {
			isa = PBXResourcesBuildPhase;
			buildActionMask = 2147483647;
			files = (
				D81C6CBA1924B0B20062E29A /* InfoPlist.strings in Resources */,
			);
			runOnlyForDeploymentPostprocessing = 0;
		};
/* End PBXResourcesBuildPhase section */

/* Begin PBXShellScriptBuildPhase section */
		3EF61EB5095F43C2A48906A0 /* Copy Pods Resources */ = {
			isa = PBXShellScriptBuildPhase;
			buildActionMask = 2147483647;
			files = (
			);
			inputPaths = (
			);
			name = "Copy Pods Resources";
			outputPaths = (
			);
			runOnlyForDeploymentPostprocessing = 0;
			shellPath = /bin/sh;
			shellScript = "\"${SRCROOT}/Pods/Pods-resources.sh\"\n";
			showEnvVarsInLog = 0;
		};
		5002511F3F8849E880BB7821 /* Check Pods Manifest.lock */ = {
			isa = PBXShellScriptBuildPhase;
			buildActionMask = 2147483647;
			files = (
			);
			inputPaths = (
			);
			name = "Check Pods Manifest.lock";
			outputPaths = (
			);
			runOnlyForDeploymentPostprocessing = 0;
			shellPath = /bin/sh;
			shellScript = "diff \"${PODS_ROOT}/../Podfile.lock\" \"${PODS_ROOT}/Manifest.lock\" > /dev/null\nif [[ $? != 0 ]] ; then\n    cat << EOM\nerror: The sandbox is not in sync with the Podfile.lock. Run 'pod install' or update your CocoaPods installation.\nEOM\n    exit 1\nfi\n";
			showEnvVarsInLog = 0;
		};
		A1F30F271B8A4EEE9C11136B /* Copy Pods Resources */ = {
			isa = PBXShellScriptBuildPhase;
			buildActionMask = 2147483647;
			files = (
			);
			inputPaths = (
			);
			name = "Copy Pods Resources";
			outputPaths = (
			);
			runOnlyForDeploymentPostprocessing = 0;
			shellPath = /bin/sh;
			shellScript = "\"${SRCROOT}/Pods/Pods-SPLogManagerTests-resources.sh\"\n";
			showEnvVarsInLog = 0;
		};
		D8B025B974184973904380AF /* Check Pods Manifest.lock */ = {
			isa = PBXShellScriptBuildPhase;
			buildActionMask = 2147483647;
			files = (
			);
			inputPaths = (
			);
			name = "Check Pods Manifest.lock";
			outputPaths = (
			);
			runOnlyForDeploymentPostprocessing = 0;
			shellPath = /bin/sh;
			shellScript = "diff \"${PODS_ROOT}/../Podfile.lock\" \"${PODS_ROOT}/Manifest.lock\" > /dev/null\nif [[ $? != 0 ]] ; then\n    cat << EOM\nerror: The sandbox is not in sync with the Podfile.lock. Run 'pod install' or update your CocoaPods installation.\nEOM\n    exit 1\nfi\n";
			showEnvVarsInLog = 0;
		};
/* End PBXShellScriptBuildPhase section */

/* Begin PBXSourcesBuildPhase section */
		D81C6C891924B0B10062E29A /* Sources */ = {
			isa = PBXSourcesBuildPhase;
			buildActionMask = 2147483647;
			files = (
				D81C6C9D1924B0B10062E29A /* main.m in Sources */,
				D81C6CA71924B0B10062E29A /* SPViewController.m in Sources */,
				D81C6CCA1924B3AD0062E29A /* SPLogManager.m in Sources */,
				D8A58C2D1926193300FD2DF5 /* CompressingLogFileManager.m in Sources */,
				D81C6CC71924B16D0062E29A /* DDNSLoggerLogger.m in Sources */,
				D81C6CA11924B0B10062E29A /* SPAppDelegate.m in Sources */,
			);
			runOnlyForDeploymentPostprocessing = 0;
		};
		D81C6CAA1924B0B10062E29A /* Sources */ = {
			isa = PBXSourcesBuildPhase;
			buildActionMask = 2147483647;
			files = (
				D81C6CBC1924B0B20062E29A /* SPLogManagerTests.m in Sources */,
			);
			runOnlyForDeploymentPostprocessing = 0;
		};
/* End PBXSourcesBuildPhase section */

/* Begin PBXTargetDependency section */
		D81C6CB41924B0B20062E29A /* PBXTargetDependency */ = {
			isa = PBXTargetDependency;
			target = D81C6C8C1924B0B10062E29A /* SPLogManager */;
			targetProxy = D81C6CB31924B0B20062E29A /* PBXContainerItemProxy */;
		};
/* End PBXTargetDependency section */

/* Begin PBXVariantGroup section */
		D81C6C991924B0B10062E29A /* InfoPlist.strings */ = {
			isa = PBXVariantGroup;
			children = (
				D81C6C9A1924B0B10062E29A /* en */,
			);
			name = InfoPlist.strings;
			sourceTree = "<group>";
		};
		D81C6CA21924B0B10062E29A /* Main.storyboard */ = {
			isa = PBXVariantGroup;
			children = (
				D81C6CA31924B0B10062E29A /* Base */,
			);
			name = Main.storyboard;
			sourceTree = "<group>";
		};
		D81C6CB81924B0B20062E29A /* InfoPlist.strings */ = {
			isa = PBXVariantGroup;
			children = (
				D81C6CB91924B0B20062E29A /* en */,
			);
			name = InfoPlist.strings;
			sourceTree = "<group>";
		};
/* End PBXVariantGroup section */

/* Begin XCBuildConfiguration section */
		D81C6CBD1924B0B20062E29A /* Debug */ = {
			isa = XCBuildConfiguration;
			buildSettings = {
				ALWAYS_SEARCH_USER_PATHS = NO;
				CLANG_CXX_LANGUAGE_STANDARD = "gnu++0x";
				CLANG_CXX_LIBRARY = "libc++";
				CLANG_ENABLE_MODULES = YES;
				CLANG_ENABLE_OBJC_ARC = YES;
				CLANG_WARN_BOOL_CONVERSION = YES;
				CLANG_WARN_CONSTANT_CONVERSION = YES;
				CLANG_WARN_DIRECT_OBJC_ISA_USAGE = YES_ERROR;
				CLANG_WARN_EMPTY_BODY = YES;
				CLANG_WARN_ENUM_CONVERSION = YES;
				CLANG_WARN_INT_CONVERSION = YES;
				CLANG_WARN_OBJC_ROOT_CLASS = YES_ERROR;
				CLANG_WARN__DUPLICATE_METHOD_MATCH = YES;
				"CODE_SIGN_IDENTITY[sdk=iphoneos*]" = "iPhone Developer";
				COPY_PHASE_STRIP = NO;
				GCC_C_LANGUAGE_STANDARD = gnu99;
				GCC_DYNAMIC_NO_PIC = NO;
				GCC_OPTIMIZATION_LEVEL = 0;
				GCC_PREPROCESSOR_DEFINITIONS = (
					"DEBUG=1",
					"$(inherited)",
				);
				GCC_SYMBOLS_PRIVATE_EXTERN = NO;
				GCC_WARN_64_TO_32_BIT_CONVERSION = YES;
				GCC_WARN_ABOUT_RETURN_TYPE = YES_ERROR;
				GCC_WARN_UNDECLARED_SELECTOR = YES;
				GCC_WARN_UNINITIALIZED_AUTOS = YES_AGGRESSIVE;
				GCC_WARN_UNUSED_FUNCTION = YES;
				GCC_WARN_UNUSED_VARIABLE = YES;
				IPHONEOS_DEPLOYMENT_TARGET = 7.1;
				ONLY_ACTIVE_ARCH = YES;
				SDKROOT = iphoneos;
			};
			name = Debug;
		};
		D81C6CBE1924B0B20062E29A /* Release */ = {
			isa = XCBuildConfiguration;
			buildSettings = {
				ALWAYS_SEARCH_USER_PATHS = NO;
				CLANG_CXX_LANGUAGE_STANDARD = "gnu++0x";
				CLANG_CXX_LIBRARY = "libc++";
				CLANG_ENABLE_MODULES = YES;
				CLANG_ENABLE_OBJC_ARC = YES;
				CLANG_WARN_BOOL_CONVERSION = YES;
				CLANG_WARN_CONSTANT_CONVERSION = YES;
				CLANG_WARN_DIRECT_OBJC_ISA_USAGE = YES_ERROR;
				CLANG_WARN_EMPTY_BODY = YES;
				CLANG_WARN_ENUM_CONVERSION = YES;
				CLANG_WARN_INT_CONVERSION = YES;
				CLANG_WARN_OBJC_ROOT_CLASS = YES_ERROR;
				CLANG_WARN__DUPLICATE_METHOD_MATCH = YES;
				"CODE_SIGN_IDENTITY[sdk=iphoneos*]" = "iPhone Developer";
				COPY_PHASE_STRIP = YES;
				ENABLE_NS_ASSERTIONS = NO;
				GCC_C_LANGUAGE_STANDARD = gnu99;
				GCC_WARN_64_TO_32_BIT_CONVERSION = YES;
				GCC_WARN_ABOUT_RETURN_TYPE = YES_ERROR;
				GCC_WARN_UNDECLARED_SELECTOR = YES;
				GCC_WARN_UNINITIALIZED_AUTOS = YES_AGGRESSIVE;
				GCC_WARN_UNUSED_FUNCTION = YES;
				GCC_WARN_UNUSED_VARIABLE = YES;
				IPHONEOS_DEPLOYMENT_TARGET = 7.1;
				SDKROOT = iphoneos;
				VALIDATE_PRODUCT = YES;
			};
			name = Release;
		};
		D81C6CC01924B0B20062E29A /* Debug */ = {
			isa = XCBuildConfiguration;
			baseConfigurationReference = 3C42064E98684A89B8FBAEAE /* Pods.xcconfig */;
			buildSettings = {
				ASSETCATALOG_COMPILER_APPICON_NAME = AppIcon;
				ASSETCATALOG_COMPILER_LAUNCHIMAGE_NAME = LaunchImage;
				GCC_PRECOMPILE_PREFIX_HEADER = YES;
				GCC_PREFIX_HEADER = "SPLogManager/SPLogManager-Prefix.pch";
				INFOPLIST_FILE = "SPLogManager/SPLogManager-Info.plist";
				PRODUCT_NAME = "$(TARGET_NAME)";
				WRAPPER_EXTENSION = app;
			};
			name = Debug;
		};
		D81C6CC11924B0B20062E29A /* Release */ = {
			isa = XCBuildConfiguration;
			baseConfigurationReference = 3C42064E98684A89B8FBAEAE /* Pods.xcconfig */;
			buildSettings = {
				ASSETCATALOG_COMPILER_APPICON_NAME = AppIcon;
				ASSETCATALOG_COMPILER_LAUNCHIMAGE_NAME = LaunchImage;
				GCC_PRECOMPILE_PREFIX_HEADER = YES;
				GCC_PREFIX_HEADER = "SPLogManager/SPLogManager-Prefix.pch";
				INFOPLIST_FILE = "SPLogManager/SPLogManager-Info.plist";
				PRODUCT_NAME = "$(TARGET_NAME)";
				WRAPPER_EXTENSION = app;
			};
			name = Release;
		};
		D81C6CC31924B0B20062E29A /* Debug */ = {
			isa = XCBuildConfiguration;
			baseConfigurationReference = C361216A00A8443F932FF6B7 /* Pods-SPLogManagerTests.xcconfig */;
			buildSettings = {
				BUNDLE_LOADER = "$(BUILT_PRODUCTS_DIR)/SPLogManager.app/SPLogManager";
				FRAMEWORK_SEARCH_PATHS = (
					"$(SDKROOT)/Developer/Library/Frameworks",
					"$(inherited)",
					"$(DEVELOPER_FRAMEWORKS_DIR)",
				);
				GCC_PRECOMPILE_PREFIX_HEADER = YES;
				GCC_PREFIX_HEADER = "SPLogManager/SPLogManager-Prefix.pch";
				GCC_PREPROCESSOR_DEFINITIONS = (
					"DEBUG=1",
					"$(inherited)",
				);
				INFOPLIST_FILE = "SPLogManagerTests/SPLogManagerTests-Info.plist";
				PRODUCT_NAME = "$(TARGET_NAME)";
				TEST_HOST = "$(BUNDLE_LOADER)";
				WRAPPER_EXTENSION = xctest;
			};
			name = Debug;
		};
		D81C6CC41924B0B20062E29A /* Release */ = {
			isa = XCBuildConfiguration;
			baseConfigurationReference = C361216A00A8443F932FF6B7 /* Pods-SPLogManagerTests.xcconfig */;
			buildSettings = {
				BUNDLE_LOADER = "$(BUILT_PRODUCTS_DIR)/SPLogManager.app/SPLogManager";
				FRAMEWORK_SEARCH_PATHS = (
					"$(SDKROOT)/Developer/Library/Frameworks",
					"$(inherited)",
					"$(DEVELOPER_FRAMEWORKS_DIR)",
				);
				GCC_PRECOMPILE_PREFIX_HEADER = YES;
				GCC_PREFIX_HEADER = "SPLogManager/SPLogManager-Prefix.pch";
				INFOPLIST_FILE = "SPLogManagerTests/SPLogManagerTests-Info.plist";
				PRODUCT_NAME = "$(TARGET_NAME)";
				TEST_HOST = "$(BUNDLE_LOADER)";
				WRAPPER_EXTENSION = xctest;
			};
			name = Release;
		};
/* End XCBuildConfiguration section */

/* Begin XCConfigurationList section */
		D81C6C881924B0B10062E29A /* Build configuration list for PBXProject "SPLogManager" */ = {
			isa = XCConfigurationList;
			buildConfigurations = (
				D81C6CBD1924B0B20062E29A /* Debug */,
				D81C6CBE1924B0B20062E29A /* Release */,
			);
			defaultConfigurationIsVisible = 0;
			defaultConfigurationName = Release;
		};
		D81C6CBF1924B0B20062E29A /* Build configuration list for PBXNativeTarget "SPLogManager" */ = {
			isa = XCConfigurationList;
			buildConfigurations = (
				D81C6CC01924B0B20062E29A /* Debug */,
				D81C6CC11924B0B20062E29A /* Release */,
			);
			defaultConfigurationIsVisible = 0;
			defaultConfigurationName = Release;
		};
		D81C6CC21924B0B20062E29A /* Build configuration list for PBXNativeTarget "SPLogManagerTests" */ = {
			isa = XCConfigurationList;
			buildConfigurations = (
				D81C6CC31924B0B20062E29A /* Debug */,
				D81C6CC41924B0B20062E29A /* Release */,
			);
			defaultConfigurationIsVisible = 0;
			defaultConfigurationName = Release;
		};
/* End XCConfigurationList section */
	};
	rootObject = D81C6C851924B0B10062E29A /* Project object */;
}
